
Microsoft Visual Studio Solution File, Format Version 12.00
# Visual Studio Version 17
VisualStudioVersion = 17.4.33122.133
MinimumVisualStudioVersion = 10.0.40219.1
Project("{FAE04EC0-301F-11D3-BF4B-00C04F79EFBC}") = "chatServer", "chatServer\chatServer.csproj", "{CE766F5C-9595-41EE-B6B8-AFD58936B94A}"
EndProject
Global
	GlobalSection(SolutionConfigurationPlatforms) = preSolution
		Debug|Any CPU = Debug|Any CPU
		Release|Any CPU = Release|Any CPU
	EndGlobalSection
	GlobalSection(ProjectConfigurationPlatforms) = postSolution
		{CE766F5C-9595-41EE-B6B8-AFD58936B94A}.Debug|Any CPU.ActiveCfg = Debug|Any CPU
		{CE766F5C-9595-41EE-B6B8-AFD58936B94A}.Debug|Any CPU.Build.0 = Debug|Any CPU
		{CE766F5C-9595-41EE-B6B8-AFD58936B94A}.Release|Any CPU.ActiveCfg = Release|Any CPU
		{CE766F5C-9595-41EE-B6B8-AFD58936B94A}.Release|Any CPU.Build.0 = Release|Any CPU
	EndGlobalSection
	GlobalSection(SolutionProperties) = preSolution
		HideSolutionNode = FALSE
	EndGlobalSection
	GlobalSection(ExtensibilityGlobals) = postSolution
		SolutionGuid = {CBF65A1D-4860-4B01-95CC-5C57DFFD16AA}
	EndGlobalSection
EndGlobal
